
Microsoft Visual Studio Solution File, Format Version 12.00
# Visual Studio Version 17
VisualStudioVersion = 17.2.32630.192
MinimumVisualStudioVersion = 10.0.40219.1
Project("{FAE04EC0-301F-11D3-BF4B-00C04F79EFBC}") = "Agencia-viajes-dse", "Agencia-viajes-dse\Agencia-viajes-dse.csproj", "{C6978F7B-67F2-4780-896A-6CA63CC568BB}"
EndProject
Global
	GlobalSection(SolutionConfigurationPlatforms) = preSolution
		Debug|Any CPU = Debug|Any CPU
		Release|Any CPU = Release|Any CPU
	EndGlobalSection
	GlobalSection(ProjectConfigurationPlatforms) = postSolution
		{C6978F7B-67F2-4780-896A-6CA63CC568BB}.Debug|Any CPU.ActiveCfg = Debug|Any CPU
		{C6978F7B-67F2-4780-896A-6CA63CC568BB}.Debug|Any CPU.Build.0 = Debug|Any CPU
		{C6978F7B-67F2-4780-896A-6CA63CC568BB}.Release|Any CPU.ActiveCfg = Release|Any CPU
		{C6978F7B-67F2-4780-896A-6CA63CC568BB}.Release|Any CPU.Build.0 = Release|Any CPU
	EndGlobalSection
	GlobalSection(SolutionProperties) = preSolution
		HideSolutionNode = FALSE
	EndGlobalSection
	GlobalSection(ExtensibilityGlobals) = postSolution
		SolutionGuid = {F1ABD3FB-498D-47B9-97B2-2E2CFD3524CD}
	EndGlobalSection
EndGlobal
